{
  "name": "Weather App",
  "lockfileVersion": 3,
  "requires": true,
  "packages": {
    "": {
      "dependencies": {
        "country-code-lookup": "^0.1.3",
        "i18n-iso-countries": "^7.12.0"
      }
    },
    "node_modules/country-code-lookup": {
      "version": "0.1.3",
      "resolved": "https://registry.npmjs.org/country-code-lookup/-/country-code-lookup-0.1.3.tgz",
      "integrity": "sha512-gLu+AQKHUnkSQNTxShKgi/4tYd0vEEait3JMrLNZgYlmIZ9DJLkHUjzXE9qcs7dy3xY/kUx2/nOxZ0Z3D9JE+A=="
    },
    "node_modules/diacritics": {
      "version": "1.3.0",
      "resolved": "https://registry.npmjs.org/diacritics/-/diacritics-1.3.0.tgz",
      "integrity": "sha512-wlwEkqcsaxvPJML+rDh/2iS824jbREk6DUMUKkEaSlxdYHeS43cClJtsWglvw2RfeXGm6ohKDqsXteJ5sP5enA=="
    },
    "node_modules/i18n-iso-countries": {
      "version": "7.12.0",
      "resolved": "https://registry.npmjs.org/i18n-iso-countries/-/i18n-iso-countries-7.12.0.tgz",
      "integrity": "sha512-NDFf5j/raA5JrcPT/NcHP3RUMH7TkdkxQKAKdvDlgb+MS296WJzzqvV0Y5uwavSm7A6oYvBeSV0AxoHdDiHIiw==",
      "dependencies": {
        "diacritics": "1.3.0"
      },
      "engines": {
        "node": ">= 12"
      }
    }
  }
}
